
Microsoft Visual Studio Solution File, Format Version 12.00
# Visual Studio 15
VisualStudioVersion = 15.0.27703.2042
MinimumVisualStudioVersion = 10.0.40219.1
Project("{FAE04EC0-301F-11D3-BF4B-00C04F79EFBC}") = "Nick.CSharp.Test", "Nick.CSharp.Test\Nick.CSharp.Test.csproj", "{87DB23DB-6193-426E-912D-27DBC786E134}"
EndProject
Project("{FAE04EC0-301F-11D3-BF4B-00C04F79EFBC}") = "Nick.CSharp.Chapter3", "Nick.CSharp.Chapter3\Nick.CSharp.Chapter3.csproj", "{99AD874F-A181-4CCA-89B6-1C81E101B8B2}"
EndProject
Project("{FAE04EC0-301F-11D3-BF4B-00C04F79EFBC}") = "Nick.CSharp.Ch5", "Nick.CSharp.Ch5\Nick.CSharp.Ch5.csproj", "{3276D7C4-08F8-48EF-AB04-FF15DC5F8C21}"
EndProject
Global
	GlobalSection(SolutionConfigurationPlatforms) = preSolution
		Debug|Any CPU = Debug|Any CPU
		Release|Any CPU = Release|Any CPU
	EndGlobalSection
	GlobalSection(ProjectConfigurationPlatforms) = postSolution
		{87DB23DB-6193-426E-912D-27DBC786E134}.Debug|Any CPU.ActiveCfg = Debug|Any CPU
		{87DB23DB-6193-426E-912D-27DBC786E134}.Debug|Any CPU.Build.0 = Debug|Any CPU
		{87DB23DB-6193-426E-912D-27DBC786E134}.Release|Any CPU.ActiveCfg = Release|Any CPU
		{87DB23DB-6193-426E-912D-27DBC786E134}.Release|Any CPU.Build.0 = Release|Any CPU
		{99AD874F-A181-4CCA-89B6-1C81E101B8B2}.Debug|Any CPU.ActiveCfg = Debug|Any CPU
		{99AD874F-A181-4CCA-89B6-1C81E101B8B2}.Debug|Any CPU.Build.0 = Debug|Any CPU
		{99AD874F-A181-4CCA-89B6-1C81E101B8B2}.Release|Any CPU.ActiveCfg = Release|Any CPU
		{99AD874F-A181-4CCA-89B6-1C81E101B8B2}.Release|Any CPU.Build.0 = Release|Any CPU
		{3276D7C4-08F8-48EF-AB04-FF15DC5F8C21}.Debug|Any CPU.ActiveCfg = Debug|Any CPU
		{3276D7C4-08F8-48EF-AB04-FF15DC5F8C21}.Debug|Any CPU.Build.0 = Debug|Any CPU
		{3276D7C4-08F8-48EF-AB04-FF15DC5F8C21}.Release|Any CPU.ActiveCfg = Release|Any CPU
		{3276D7C4-08F8-48EF-AB04-FF15DC5F8C21}.Release|Any CPU.Build.0 = Release|Any CPU
	EndGlobalSection
	GlobalSection(SolutionProperties) = preSolution
		HideSolutionNode = FALSE
	EndGlobalSection
	GlobalSection(ExtensibilityGlobals) = postSolution
		SolutionGuid = {1665CE05-911F-4E4C-84E0-966D457ABED9}
	EndGlobalSection
EndGlobal
